
Microsoft Visual Studio Solution File, Format Version 12.00
# Visual Studio 15
VisualStudioVersion = 15.0.27130.2010
MinimumVisualStudioVersion = 10.0.40219.1
Project("{FAE04EC0-301F-11D3-BF4B-00C04F79EFBC}") = "Batch", "Batch\Batch.csproj", "{76826416-EEB1-465B-A01A-A2AAD4CFE0D9}"
EndProject
Global
	GlobalSection(SolutionConfigurationPlatforms) = preSolution
		Debug|Any CPU = Debug|Any CPU
		Release|Any CPU = Release|Any CPU
	EndGlobalSection
	GlobalSection(ProjectConfigurationPlatforms) = postSolution
		{76826416-EEB1-465B-A01A-A2AAD4CFE0D9}.Debug|Any CPU.ActiveCfg = Debug|Any CPU
		{76826416-EEB1-465B-A01A-A2AAD4CFE0D9}.Debug|Any CPU.Build.0 = Debug|Any CPU
		{76826416-EEB1-465B-A01A-A2AAD4CFE0D9}.Release|Any CPU.ActiveCfg = Release|Any CPU
		{76826416-EEB1-465B-A01A-A2AAD4CFE0D9}.Release|Any CPU.Build.0 = Release|Any CPU
	EndGlobalSection
	GlobalSection(SolutionProperties) = preSolution
		HideSolutionNode = FALSE
	EndGlobalSection
	GlobalSection(ExtensibilityGlobals) = postSolution
		SolutionGuid = {DCB10487-EADB-491B-A4B6-F041E6138B45}
	EndGlobalSection
EndGlobal
