
Microsoft Visual Studio Solution File, Format Version 12.00
# Visual Studio 15
VisualStudioVersion = 15.0.27004.2002
MinimumVisualStudioVersion = 10.0.40219.1
Project("{9092AA53-FB77-4645-B42D-1CCCA6BD08BD}") = "musicFromXiami", "musicFromXiami\musicFromXiami.njsproj", "{76304118-4A31-4D6F-9DAD-1324DC05F9FF}"
EndProject
Global
	GlobalSection(SolutionConfigurationPlatforms) = preSolution
		Debug|Any CPU = Debug|Any CPU
		Release|Any CPU = Release|Any CPU
	EndGlobalSection
	GlobalSection(ProjectConfigurationPlatforms) = postSolution
		{76304118-4A31-4D6F-9DAD-1324DC05F9FF}.Debug|Any CPU.ActiveCfg = Debug|Any CPU
		{76304118-4A31-4D6F-9DAD-1324DC05F9FF}.Debug|Any CPU.Build.0 = Debug|Any CPU
		{76304118-4A31-4D6F-9DAD-1324DC05F9FF}.Release|Any CPU.ActiveCfg = Release|Any CPU
		{76304118-4A31-4D6F-9DAD-1324DC05F9FF}.Release|Any CPU.Build.0 = Release|Any CPU
	EndGlobalSection
	GlobalSection(SolutionProperties) = preSolution
		HideSolutionNode = FALSE
	EndGlobalSection
	GlobalSection(ExtensibilityGlobals) = postSolution
		SolutionGuid = {441781B1-E768-4060-972A-26C4E1DB297C}
	EndGlobalSection
EndGlobal
