
Microsoft Visual Studio Solution File, Format Version 12.00
# Visual Studio 15
VisualStudioVersion = 15.0.27004.2002
MinimumVisualStudioVersion = 10.0.40219.1
Project("{9092AA53-FB77-4645-B42D-1CCCA6BD08BD}") = "calculcateErlangB", "calculcateErlangB\calculcateErlangB.njsproj", "{D32BF918-9B83-41CE-BA55-1EAAC6FB014B}"
EndProject
Global
	GlobalSection(SolutionConfigurationPlatforms) = preSolution
		Debug|Any CPU = Debug|Any CPU
		Release|Any CPU = Release|Any CPU
	EndGlobalSection
	GlobalSection(ProjectConfigurationPlatforms) = postSolution
		{D32BF918-9B83-41CE-BA55-1EAAC6FB014B}.Debug|Any CPU.ActiveCfg = Debug|Any CPU
		{D32BF918-9B83-41CE-BA55-1EAAC6FB014B}.Debug|Any CPU.Build.0 = Debug|Any CPU
		{D32BF918-9B83-41CE-BA55-1EAAC6FB014B}.Release|Any CPU.ActiveCfg = Release|Any CPU
		{D32BF918-9B83-41CE-BA55-1EAAC6FB014B}.Release|Any CPU.Build.0 = Release|Any CPU
	EndGlobalSection
	GlobalSection(SolutionProperties) = preSolution
		HideSolutionNode = FALSE
	EndGlobalSection
	GlobalSection(ExtensibilityGlobals) = postSolution
		SolutionGuid = {EB2B9D73-A85B-4A8D-B6E3-C2CD01E58F75}
	EndGlobalSection
EndGlobal
