
Microsoft Visual Studio Solution File, Format Version 12.00
# Visual Studio 14
VisualStudioVersion = 14.0.23107.0
MinimumVisualStudioVersion = 10.0.40219.1
Project("{D2ABAB84-BF74-430A-B69E-9DC6D40DDA17}") = "Project1_baseline", "Project1_baseline\Project1_baseline.dwproj", "{FB91309A-F9D0-44DF-927F-3F6331FFC9E0}"
EndProject
Global
	GlobalSection(SolutionConfigurationPlatforms) = preSolution
		Development|Default = Development|Default
	EndGlobalSection
	GlobalSection(ProjectConfigurationPlatforms) = postSolution
		{FB91309A-F9D0-44DF-927F-3F6331FFC9E0}.Development|Default.ActiveCfg = Development
		{FB91309A-F9D0-44DF-927F-3F6331FFC9E0}.Development|Default.Build.0 = Development
		{FB91309A-F9D0-44DF-927F-3F6331FFC9E0}.Development|Default.Deploy.0 = Development
	EndGlobalSection
	GlobalSection(SolutionProperties) = preSolution
		HideSolutionNode = FALSE
	EndGlobalSection
EndGlobal
